// !$*UTF8*$!
{
	archiveVersion = 1;
	classes = {
	};
	objectVersion = 55;
	objects = {

/* Begin PBXBuildFile section */
		251D36F12A03C79A00F4CD15 /* AppDelegate.swift in Sources */ = {isa = PBXBuildFile; fileRef = 251D36F02A03C79A00F4CD15 /* AppDelegate.swift */; };
		251D36F32A03C79A00F4CD15 /* SceneDelegate.swift in Sources */ = {isa = PBXBuildFile; fileRef = 251D36F22A03C79A00F4CD15 /* SceneDelegate.swift */; };
		251D36F52A03C79A00F4CD15 /* ViewController.swift in Sources */ = {isa = PBXBuildFile; fileRef = 251D36F42A03C79A00F4CD15 /* ViewController.swift */; };
		251D36F82A03C79A00F4CD15 /* Main.storyboard in Resources */ = {isa = PBXBuildFile; fileRef = 251D36F62A03C79A00F4CD15 /* Main.storyboard */; };
		251D36FA2A03C79B00F4CD15 /* Assets.xcassets in Resources */ = {isa = PBXBuildFile; fileRef = 251D36F92A03C79B00F4CD15 /* Assets.xcassets */; };
		251D36FD2A03C79B00F4CD15 /* LaunchScreen.storyboard in Resources */ = {isa = PBXBuildFile; fileRef = 251D36FB2A03C79B00F4CD15 /* LaunchScreen.storyboard */; };
		251D37082A03C79B00F4CD15 /* BluetoothSDKTests.swift in Sources */ = {isa = PBXBuildFile; fileRef = 251D37072A03C79B00F4CD15 /* BluetoothSDKTests.swift */; };
		251D37122A03C79B00F4CD15 /* BluetoothSDKUITests.swift in Sources */ = {isa = PBXBuildFile; fileRef = 251D37112A03C79B00F4CD15 /* BluetoothSDKUITests.swift */; };
		251D37142A03C79B00F4CD15 /* BluetoothSDKUITestsLaunchTests.swift in Sources */ = {isa = PBXBuildFile; fileRef = 251D37132A03C79B00F4CD15 /* BluetoothSDKUITestsLaunchTests.swift */; };
		2524D1262A05F46300621D53 /* FirebaseAnalytics in Frameworks */ = {isa = PBXBuildFile; productRef = 2524D1252A05F46300621D53 /* FirebaseAnalytics */; };
		2524D1282A05F46300621D53 /* FirebaseAnalyticsSwift-Beta in Frameworks */ = {isa = PBXBuildFile; productRef = 2524D1272A05F46300621D53 /* FirebaseAnalyticsSwift-Beta */; };
		2524D12A2A05F46300621D53 /* FirebaseAuth in Frameworks */ = {isa = PBXBuildFile; productRef = 2524D1292A05F46300621D53 /* FirebaseAuth */; };
		2524D12C2A05F46300621D53 /* FirebaseAuthCombine-Community in Frameworks */ = {isa = PBXBuildFile; productRef = 2524D12B2A05F46300621D53 /* FirebaseAuthCombine-Community */; };
		2524D12E2A05F46300621D53 /* FirebaseCrashlytics in Frameworks */ = {isa = PBXBuildFile; productRef = 2524D12D2A05F46300621D53 /* FirebaseCrashlytics */; };
		2524D1302A05F46300621D53 /* FirebaseDatabase in Frameworks */ = {isa = PBXBuildFile; productRef = 2524D12F2A05F46300621D53 /* FirebaseDatabase */; };
		2524D1322A05F46300621D53 /* FirebaseDatabaseSwift-Beta in Frameworks */ = {isa = PBXBuildFile; productRef = 2524D1312A05F46300621D53 /* FirebaseDatabaseSwift-Beta */; };
		2524D1342A05F46300621D53 /* FirebaseFirestore in Frameworks */ = {isa = PBXBuildFile; productRef = 2524D1332A05F46300621D53 /* FirebaseFirestore */; };
		2524D1362A05F46300621D53 /* FirebaseFirestoreCombine-Community in Frameworks */ = {isa = PBXBuildFile; productRef = 2524D1352A05F46300621D53 /* FirebaseFirestoreCombine-Community */; };
		2524D1382A05F46300621D53 /* FirebaseMLModelDownloader in Frameworks */ = {isa = PBXBuildFile; productRef = 2524D1372A05F46300621D53 /* FirebaseMLModelDownloader */; };
		2524D13A2A05F46300621D53 /* FirebaseStorage in Frameworks */ = {isa = PBXBuildFile; productRef = 2524D1392A05F46300621D53 /* FirebaseStorage */; };
		2524D13C2A05F46300621D53 /* FirebaseStorageCombine-Community in Frameworks */ = {isa = PBXBuildFile; productRef = 2524D13B2A05F46300621D53 /* FirebaseStorageCombine-Community */; };
		2524D13E2A05F46300621D53 /* FirebaseStorageSwift-Beta in Frameworks */ = {isa = PBXBuildFile; productRef = 2524D13D2A05F46300621D53 /* FirebaseStorageSwift-Beta */; };
		2524D1402A05F4BC00621D53 /* GoogleService-Info.plist in Resources */ = {isa = PBXBuildFile; fileRef = 2524D13F2A05F4BC00621D53 /* GoogleService-Info.plist */; };
		2524D1422A05FD7700621D53 /* PrinterCategories.swift in Sources */ = {isa = PBXBuildFile; fileRef = 2524D1412A05FD7700621D53 /* PrinterCategories.swift */; };
		2524D1442A06107500621D53 /* WifiActivity.swift in Sources */ = {isa = PBXBuildFile; fileRef = 2524D1432A06107500621D53 /* WifiActivity.swift */; };
		2524D1462A06108B00621D53 /* CloudActivity.swift in Sources */ = {isa = PBXBuildFile; fileRef = 2524D1452A06108B00621D53 /* CloudActivity.swift */; };
/* End PBXBuildFile section */

/* Begin PBXContainerItemProxy section */
		251D37042A03C79B00F4CD15 /* PBXContainerItemProxy */ = {
			isa = PBXContainerItemProxy;
			containerPortal = 251D36E52A03C79A00F4CD15 /* Project object */;
			proxyType = 1;
			remoteGlobalIDString = 251D36EC2A03C79A00F4CD15;
			remoteInfo = BluetoothSDK;
		};
		251D370E2A03C79B00F4CD15 /* PBXContainerItemProxy */ = {
			isa = PBXContainerItemProxy;
			containerPortal = 251D36E52A03C79A00F4CD15 /* Project object */;
			proxyType = 1;
			remoteGlobalIDString = 251D36EC2A03C79A00F4CD15;
			remoteInfo = BluetoothSDK;
		};
/* End PBXContainerItemProxy section */

/* Begin PBXFileReference section */
		251D36ED2A03C79A00F4CD15 /* BluetoothSDK.app */ = {isa = PBXFileReference; explicitFileType = wrapper.application; includeInIndex = 0; path = BluetoothSDK.app; sourceTree = BUILT_PRODUCTS_DIR; };
		251D36F02A03C79A00F4CD15 /* AppDelegate.swift */ = {isa = PBXFileReference; lastKnownFileType = sourcecode.swift; path = AppDelegate.swift; sourceTree = "<group>"; };
		251D36F22A03C79A00F4CD15 /* SceneDelegate.swift */ = {isa = PBXFileReference; lastKnownFileType = sourcecode.swift; path = SceneDelegate.swift; sourceTree = "<group>"; };
		251D36F42A03C79A00F4CD15 /* ViewController.swift */ = {isa = PBXFileReference; lastKnownFileType = sourcecode.swift; path = ViewController.swift; sourceTree = "<group>"; };
		251D36F72A03C79A00F4CD15 /* Base */ = {isa = PBXFileReference; lastKnownFileType = file.storyboard; name = Base; path = Base.lproj/Main.storyboard; sourceTree = "<group>"; };
		251D36F92A03C79B00F4CD15 /* Assets.xcassets */ = {isa = PBXFileReference; lastKnownFileType = folder.assetcatalog; path = Assets.xcassets; sourceTree = "<group>"; };
		251D36FC2A03C79B00F4CD15 /* Base */ = {isa = PBXFileReference; lastKnownFileType = file.storyboard; name = Base; path = Base.lproj/LaunchScreen.storyboard; sourceTree = "<group>"; };
		251D36FE2A03C79B00F4CD15 /* Info.plist */ = {isa = PBXFileReference; lastKnownFileType = text.plist.xml; path = Info.plist; sourceTree = "<group>"; };
		251D37032A03C79B00F4CD15 /* BluetoothSDKTests.xctest */ = {isa = PBXFileReference; explicitFileType = wrapper.cfbundle; includeInIndex = 0; path = BluetoothSDKTests.xctest; sourceTree = BUILT_PRODUCTS_DIR; };
		251D37072A03C79B00F4CD15 /* BluetoothSDKTests.swift */ = {isa = PBXFileReference; lastKnownFileType = sourcecode.swift; path = BluetoothSDKTests.swift; sourceTree = "<group>"; };
		251D370D2A03C79B00F4CD15 /* BluetoothSDKUITests.xctest */ = {isa = PBXFileReference; explicitFileType = wrapper.cfbundle; includeInIndex = 0; path = BluetoothSDKUITests.xctest; sourceTree = BUILT_PRODUCTS_DIR; };
		251D37112A03C79B00F4CD15 /* BluetoothSDKUITests.swift */ = {isa = PBXFileReference; lastKnownFileType = sourcecode.swift; path = BluetoothSDKUITests.swift; sourceTree = "<group>"; };
		251D37132A03C79B00F4CD15 /* BluetoothSDKUITestsLaunchTests.swift */ = {isa = PBXFileReference; lastKnownFileType = sourcecode.swift; path = BluetoothSDKUITestsLaunchTests.swift; sourceTree = "<group>"; };
		2524D13F2A05F4BC00621D53 /* GoogleService-Info.plist */ = {isa = PBXFileReference; fileEncoding = 4; lastKnownFileType = text.plist.xml; path = "GoogleService-Info.plist"; sourceTree = "<group>"; };
		2524D1412A05FD7700621D53 /* PrinterCategories.swift */ = {isa = PBXFileReference; lastKnownFileType = sourcecode.swift; path = PrinterCategories.swift; sourceTree = "<group>"; };
		2524D1432A06107500621D53 /* WifiActivity.swift */ = {isa = PBXFileReference; lastKnownFileType = sourcecode.swift; path = WifiActivity.swift; sourceTree = "<group>"; };
		2524D1452A06108B00621D53 /* CloudActivity.swift */ = {isa = PBXFileReference; lastKnownFileType = sourcecode.swift; path = CloudActivity.swift; sourceTree = "<group>"; };
/* End PBXFileReference section */

/* Begin PBXFrameworksBuildPhase section */
		251D36EA2A03C79A00F4CD15 /* Frameworks */ = {
			isa = PBXFrameworksBuildPhase;
			buildActionMask = 2147483647;
			files = (
				2524D1302A05F46300621D53 /* FirebaseDatabase in Frameworks */,
				2524D1282A05F46300621D53 /* FirebaseAnalyticsSwift-Beta in Frameworks */,
				2524D12A2A05F46300621D53 /* FirebaseAuth in Frameworks */,
				2524D1362A05F46300621D53 /* FirebaseFirestoreCombine-Community in Frameworks */,
				2524D12E2A05F46300621D53 /* FirebaseCrashlytics in Frameworks */,
				2524D1262A05F46300621D53 /* FirebaseAnalytics in Frameworks */,
				2524D1342A05F46300621D53 /* FirebaseFirestore in Frameworks */,
				2524D13E2A05F46300621D53 /* FirebaseStorageSwift-Beta in Frameworks */,
				2524D1382A05F46300621D53 /* FirebaseMLModelDownloader in Frameworks */,
				2524D13A2A05F46300621D53 /* FirebaseStorage in Frameworks */,
				2524D1322A05F46300621D53 /* FirebaseDatabaseSwift-Beta in Frameworks */,
				2524D13C2A05F46300621D53 /* FirebaseStorageCombine-Community in Frameworks */,
				2524D12C2A05F46300621D53 /* FirebaseAuthCombine-Community in Frameworks */,
			);
			runOnlyForDeploymentPostprocessing = 0;
		};
		251D37002A03C79B00F4CD15 /* Frameworks */ = {
			isa = PBXFrameworksBuildPhase;
			buildActionMask = 2147483647;
			files = (
			);
			runOnlyForDeploymentPostprocessing = 0;
		};
		251D370A2A03C79B00F4CD15 /* Frameworks */ = {
			isa = PBXFrameworksBuildPhase;
			buildActionMask = 2147483647;
			files = (
			);
			runOnlyForDeploymentPostprocessing = 0;
		};
/* End PBXFrameworksBuildPhase section */

/* Begin PBXGroup section */
		251D36E42A03C79A00F4CD15 = {
			isa = PBXGroup;
			children = (
				251D36EF2A03C79A00F4CD15 /* BluetoothSDK */,
				251D37062A03C79B00F4CD15 /* BluetoothSDKTests */,
				251D37102A03C79B00F4CD15 /* BluetoothSDKUITests */,
				251D36EE2A03C79A00F4CD15 /* Products */,
			);
			sourceTree = "<group>";
		};
		251D36EE2A03C79A00F4CD15 /* Products */ = {
			isa = PBXGroup;
			children = (
				251D36ED2A03C79A00F4CD15 /* BluetoothSDK.app */,
				251D37032A03C79B00F4CD15 /* BluetoothSDKTests.xctest */,
				251D370D2A03C79B00F4CD15 /* BluetoothSDKUITests.xctest */,
			);
			name = Products;
			sourceTree = "<group>";
		};
		251D36EF2A03C79A00F4CD15 /* BluetoothSDK */ = {
			isa = PBXGroup;
			children = (
				2524D13F2A05F4BC00621D53 /* GoogleService-Info.plist */,
				251D36F02A03C79A00F4CD15 /* AppDelegate.swift */,
				251D36F22A03C79A00F4CD15 /* SceneDelegate.swift */,
				251D36F42A03C79A00F4CD15 /* ViewController.swift */,
				2524D1432A06107500621D53 /* WifiActivity.swift */,
				2524D1452A06108B00621D53 /* CloudActivity.swift */,
				2524D1412A05FD7700621D53 /* PrinterCategories.swift */,
				251D36F62A03C79A00F4CD15 /* Main.storyboard */,
				251D36F92A03C79B00F4CD15 /* Assets.xcassets */,
				251D36FB2A03C79B00F4CD15 /* LaunchScreen.storyboard */,
				251D36FE2A03C79B00F4CD15 /* Info.plist */,
			);
			path = BluetoothSDK;
			sourceTree = "<group>";
		};
		251D37062A03C79B00F4CD15 /* BluetoothSDKTests */ = {
			isa = PBXGroup;
			children = (
				251D37072A03C79B00F4CD15 /* BluetoothSDKTests.swift */,
			);
			path = BluetoothSDKTests;
			sourceTree = "<group>";
		};
		251D37102A03C79B00F4CD15 /* BluetoothSDKUITests */ = {
			isa = PBXGroup;
			children = (
				251D37112A03C79B00F4CD15 /* BluetoothSDKUITests.swift */,
				251D37132A03C79B00F4CD15 /* BluetoothSDKUITestsLaunchTests.swift */,
			);
			path = BluetoothSDKUITests;
			sourceTree = "<group>";
		};
/* End PBXGroup section */

/* Begin PBXNativeTarget section */
		251D36EC2A03C79A00F4CD15 /* BluetoothSDK */ = {
			isa = PBXNativeTarget;
			buildConfigurationList = 251D37172A03C79B00F4CD15 /* Build configuration list for PBXNativeTarget "BluetoothSDK" */;
			buildPhases = (
				251D36E92A03C79A00F4CD15 /* Sources */,
				251D36EA2A03C79A00F4CD15 /* Frameworks */,
				251D36EB2A03C79A00F4CD15 /* Resources */,
			);
			buildRules = (
			);
			dependencies = (
			);
			name = BluetoothSDK;
			packageProductDependencies = (
				2524D1252A05F46300621D53 /* FirebaseAnalytics */,
				2524D1272A05F46300621D53 /* FirebaseAnalyticsSwift-Beta */,
				2524D1292A05F46300621D53 /* FirebaseAuth */,
				2524D12B2A05F46300621D53 /* FirebaseAuthCombine-Community */,
				2524D12D2A05F46300621D53 /* FirebaseCrashlytics */,
				2524D12F2A05F46300621D53 /* FirebaseDatabase */,
				2524D1312A05F46300621D53 /* FirebaseDatabaseSwift-Beta */,
				2524D1332A05F46300621D53 /* FirebaseFirestore */,
				2524D1352A05F46300621D53 /* FirebaseFirestoreCombine-Community */,
				2524D1372A05F46300621D53 /* FirebaseMLModelDownloader */,
				2524D1392A05F46300621D53 /* FirebaseStorage */,
				2524D13B2A05F46300621D53 /* FirebaseStorageCombine-Community */,
				2524D13D2A05F46300621D53 /* FirebaseStorageSwift-Beta */,
			);
			productName = BluetoothSDK;
			productReference = 251D36ED2A03C79A00F4CD15 /* BluetoothSDK.app */;
			productType = "com.apple.product-type.application";
		};
		251D37022A03C79B00F4CD15 /* BluetoothSDKTests */ = {
			isa = PBXNativeTarget;
			buildConfigurationList = 251D371A2A03C79B00F4CD15 /* Build configuration list for PBXNativeTarget "BluetoothSDKTests" */;
			buildPhases = (
				251D36FF2A03C79B00F4CD15 /* Sources */,
				251D37002A03C79B00F4CD15 /* Frameworks */,
				251D37012A03C79B00F4CD15 /* Resources */,
			);
			buildRules = (
			);
			dependencies = (
				251D37052A03C79B00F4CD15 /* PBXTargetDependency */,
			);
			name = BluetoothSDKTests;
			productName = BluetoothSDKTests;
			productReference = 251D37032A03C79B00F4CD15 /* BluetoothSDKTests.xctest */;
			productType = "com.apple.product-type.bundle.unit-test";
		};
		251D370C2A03C79B00F4CD15 /* BluetoothSDKUITests */ = {
			isa = PBXNativeTarget;
			buildConfigurationList = 251D371D2A03C79B00F4CD15 /* Build configuration list for PBXNativeTarget "BluetoothSDKUITests" */;
			buildPhases = (
				251D37092A03C79B00F4CD15 /* Sources */,
				251D370A2A03C79B00F4CD15 /* Frameworks */,
				251D370B2A03C79B00F4CD15 /* Resources */,
			);
			buildRules = (
			);
			dependencies = (
				251D370F2A03C79B00F4CD15 /* PBXTargetDependency */,
			);
			name = BluetoothSDKUITests;
			productName = BluetoothSDKUITests;
			productReference = 251D370D2A03C79B00F4CD15 /* BluetoothSDKUITests.xctest */;
			productType = "com.apple.product-type.bundle.ui-testing";
		};
/* End PBXNativeTarget section */

/* Begin PBXProject section */
		251D36E52A03C79A00F4CD15 /* Project object */ = {
			isa = PBXProject;
			attributes = {
				BuildIndependentTargetsInParallel = 1;
				LastSwiftUpdateCheck = 1310;
				LastUpgradeCheck = 1310;
				TargetAttributes = {
					251D36EC2A03C79A00F4CD15 = {
						CreatedOnToolsVersion = 13.1;
					};
					251D37022A03C79B00F4CD15 = {
						CreatedOnToolsVersion = 13.1;
						TestTargetID = 251D36EC2A03C79A00F4CD15;
					};
					251D370C2A03C79B00F4CD15 = {
						CreatedOnToolsVersion = 13.1;
						TestTargetID = 251D36EC2A03C79A00F4CD15;
					};
				};
			};
			buildConfigurationList = 251D36E82A03C79A00F4CD15 /* Build configuration list for PBXProject "BluetoothSDK" */;
			compatibilityVersion = "Xcode 13.0";
			developmentRegion = en;
			hasScannedForEncodings = 0;
			knownRegions = (
				en,
				Base,
			);
			mainGroup = 251D36E42A03C79A00F4CD15;
			packageReferences = (
				2524D1242A05F46300621D53 /* XCRemoteSwiftPackageReference "firebase-ios-sdk" */,
			);
			productRefGroup = 251D36EE2A03C79A00F4CD15 /* Products */;
			projectDirPath = "";
			projectRoot = "";
			targets = (
				251D36EC2A03C79A00F4CD15 /* BluetoothSDK */,
				251D37022A03C79B00F4CD15 /* BluetoothSDKTests */,
				251D370C2A03C79B00F4CD15 /* BluetoothSDKUITests */,
			);
		};
/* End PBXProject section */

/* Begin PBXResourcesBuildPhase section */
		251D36EB2A03C79A00F4CD15 /* Resources */ = {
			isa = PBXResourcesBuildPhase;
			buildActionMask = 2147483647;
			files = (
				251D36FD2A03C79B00F4CD15 /* LaunchScreen.storyboard in Resources */,
				2524D1402A05F4BC00621D53 /* GoogleService-Info.plist in Resources */,
				251D36FA2A03C79B00F4CD15 /* Assets.xcassets in Resources */,
				251D36F82A03C79A00F4CD15 /* Main.storyboard in Resources */,
			);
			runOnlyForDeploymentPostprocessing = 0;
		};
		251D37012A03C79B00F4CD15 /* Resources */ = {
			isa = PBXResourcesBuildPhase;
			buildActionMask = 2147483647;
			files = (
			);
			runOnlyForDeploymentPostprocessing = 0;
		};
		251D370B2A03C79B00F4CD15 /* Resources */ = {
			isa = PBXResourcesBuildPhase;
			buildActionMask = 2147483647;
			files = (
			);
			runOnlyForDeploymentPostprocessing = 0;
		};
/* End PBXResourcesBuildPhase section */

/* Begin PBXSourcesBuildPhase section */
		251D36E92A03C79A00F4CD15 /* Sources */ = {
			isa = PBXSourcesBuildPhase;
			buildActionMask = 2147483647;
			files = (
				2524D1462A06108B00621D53 /* CloudActivity.swift in Sources */,
				2524D1422A05FD7700621D53 /* PrinterCategories.swift in Sources */,
				2524D1442A06107500621D53 /* WifiActivity.swift in Sources */,
				251D36F52A03C79A00F4CD15 /* ViewController.swift in Sources */,
				251D36F12A03C79A00F4CD15 /* AppDelegate.swift in Sources */,
				251D36F32A03C79A00F4CD15 /* SceneDelegate.swift in Sources */,
			);
			runOnlyForDeploymentPostprocessing = 0;
		};
		251D36FF2A03C79B00F4CD15 /* Sources */ = {
			isa = PBXSourcesBuildPhase;
			buildActionMask = 2147483647;
			files = (
				251D37082A03C79B00F4CD15 /* BluetoothSDKTests.swift in Sources */,
			);
			runOnlyForDeploymentPostprocessing = 0;
		};
		251D37092A03C79B00F4CD15 /* Sources */ = {
			isa = PBXSourcesBuildPhase;
			buildActionMask = 2147483647;
			files = (
				251D37142A03C79B00F4CD15 /* BluetoothSDKUITestsLaunchTests.swift in Sources */,
				251D37122A03C79B00F4CD15 /* BluetoothSDKUITests.swift in Sources */,
			);
			runOnlyForDeploymentPostprocessing = 0;
		};
/* End PBXSourcesBuildPhase section */

/* Begin PBXTargetDependency section */
		251D37052A03C79B00F4CD15 /* PBXTargetDependency */ = {
			isa = PBXTargetDependency;
			target = 251D36EC2A03C79A00F4CD15 /* BluetoothSDK */;
			targetProxy = 251D37042A03C79B00F4CD15 /* PBXContainerItemProxy */;
		};
		251D370F2A03C79B00F4CD15 /* PBXTargetDependency */ = {
			isa = PBXTargetDependency;
			target = 251D36EC2A03C79A00F4CD15 /* BluetoothSDK */;
			targetProxy = 251D370E2A03C79B00F4CD15 /* PBXContainerItemProxy */;
		};
/* End PBXTargetDependency section */

/* Begin PBXVariantGroup section */
		251D36F62A03C79A00F4CD15 /* Main.storyboard */ = {
			isa = PBXVariantGroup;
			children = (
				251D36F72A03C79A00F4CD15 /* Base */,
			);
			name = Main.storyboard;
			sourceTree = "<group>";
		};
		251D36FB2A03C79B00F4CD15 /* LaunchScreen.storyboard */ = {
			isa = PBXVariantGroup;
			children = (
				251D36FC2A03C79B00F4CD15 /* Base */,
			);
			name = LaunchScreen.storyboard;
			sourceTree = "<group>";
		};
/* End PBXVariantGroup section */

/* Begin XCBuildConfiguration section */
		251D37152A03C79B00F4CD15 /* Debug */ = {
			isa = XCBuildConfiguration;
			buildSettings = {
				ALWAYS_SEARCH_USER_PATHS = NO;
				CLANG_ANALYZER_NONNULL = YES;
				CLANG_ANALYZER_NUMBER_OBJECT_CONVERSION = YES_AGGRESSIVE;
				CLANG_CXX_LANGUAGE_STANDARD = "gnu++17";
				CLANG_CXX_LIBRARY = "libc++";
				CLANG_ENABLE_MODULES = YES;
				CLANG_ENABLE_OBJC_ARC = YES;
				CLANG_ENABLE_OBJC_WEAK = YES;
				CLANG_WARN_BLOCK_CAPTURE_AUTORELEASING = YES;
				CLANG_WARN_BOOL_CONVERSION = YES;
				CLANG_WARN_COMMA = YES;
				CLANG_WARN_CONSTANT_CONVERSION = YES;
				CLANG_WARN_DEPRECATED_OBJC_IMPLEMENTATIONS = YES;
				CLANG_WARN_DIRECT_OBJC_ISA_USAGE = YES_ERROR;
				CLANG_WARN_DOCUMENTATION_COMMENTS = YES;
				CLANG_WARN_EMPTY_BODY = YES;
				CLANG_WARN_ENUM_CONVERSION = YES;
				CLANG_WARN_INFINITE_RECURSION = YES;
				CLANG_WARN_INT_CONVERSION = YES;
				CLANG_WARN_NON_LITERAL_NULL_CONVERSION = YES;
				CLANG_WARN_OBJC_IMPLICIT_RETAIN_SELF = YES;
				CLANG_WARN_OBJC_LITERAL_CONVERSION = YES;
				CLANG_WARN_OBJC_ROOT_CLASS = YES_ERROR;
				CLANG_WARN_QUOTED_INCLUDE_IN_FRAMEWORK_HEADER = YES;
				CLANG_WARN_RANGE_LOOP_ANALYSIS = YES;
				CLANG_WARN_STRICT_PROTOTYPES = YES;
				CLANG_WARN_SUSPICIOUS_MOVE = YES;
				CLANG_WARN_UNGUARDED_AVAILABILITY = YES_AGGRESSIVE;
				CLANG_WARN_UNREACHABLE_CODE = YES;
				CLANG_WARN__DUPLICATE_METHOD_MATCH = YES;
				COPY_PHASE_STRIP = NO;
				DEBUG_INFORMATION_FORMAT = dwarf;
				ENABLE_STRICT_OBJC_MSGSEND = YES;
				ENABLE_TESTABILITY = YES;
				GCC_C_LANGUAGE_STANDARD = gnu11;
				GCC_DYNAMIC_NO_PIC = NO;
				GCC_NO_COMMON_BLOCKS = YES;
				GCC_OPTIMIZATION_LEVEL = 0;
				GCC_PREPROCESSOR_DEFINITIONS = (
					"DEBUG=1",
					"$(inherited)",
				);
				GCC_WARN_64_TO_32_BIT_CONVERSION = YES;
				GCC_WARN_ABOUT_RETURN_TYPE = YES_ERROR;
				GCC_WARN_UNDECLARED_SELECTOR = YES;
				GCC_WARN_UNINITIALIZED_AUTOS = YES_AGGRESSIVE;
				GCC_WARN_UNUSED_FUNCTION = YES;
				GCC_WARN_UNUSED_VARIABLE = YES;
				IPHONEOS_DEPLOYMENT_TARGET = 15.0;
				MTL_ENABLE_DEBUG_INFO = INCLUDE_SOURCE;
				MTL_FAST_MATH = YES;
				ONLY_ACTIVE_ARCH = YES;
				SDKROOT = iphoneos;
				SWIFT_ACTIVE_COMPILATION_CONDITIONS = DEBUG;
				SWIFT_OPTIMIZATION_LEVEL = "-Onone";
			};
			name = Debug;
		};
		251D37162A03C79B00F4CD15 /* Release */ = {
			isa = XCBuildConfiguration;
			buildSettings = {
				ALWAYS_SEARCH_USER_PATHS = NO;
				CLANG_ANALYZER_NONNULL = YES;
				CLANG_ANALYZER_NUMBER_OBJECT_CONVERSION = YES_AGGRESSIVE;
				CLANG_CXX_LANGUAGE_STANDARD = "gnu++17";
				CLANG_CXX_LIBRARY = "libc++";
				CLANG_ENABLE_MODULES = YES;
				CLANG_ENABLE_OBJC_ARC = YES;
				CLANG_ENABLE_OBJC_WEAK = YES;
				CLANG_WARN_BLOCK_CAPTURE_AUTORELEASING = YES;
				CLANG_WARN_BOOL_CONVERSION = YES;
				CLANG_WARN_COMMA = YES;
				CLANG_WARN_CONSTANT_CONVERSION = YES;
				CLANG_WARN_DEPRECATED_OBJC_IMPLEMENTATIONS = YES;
				CLANG_WARN_DIRECT_OBJC_ISA_USAGE = YES_ERROR;
				CLANG_WARN_DOCUMENTATION_COMMENTS = YES;
				CLANG_WARN_EMPTY_BODY = YES;
				CLANG_WARN_ENUM_CONVERSION = YES;
				CLANG_WARN_INFINITE_RECURSION = YES;
				CLANG_WARN_INT_CONVERSION = YES;
				CLANG_WARN_NON_LITERAL_NULL_CONVERSION = YES;
				CLANG_WARN_OBJC_IMPLICIT_RETAIN_SELF = YES;
				CLANG_WARN_OBJC_LITERAL_CONVERSION = YES;
				CLANG_WARN_OBJC_ROOT_CLASS = YES_ERROR;
				CLANG_WARN_QUOTED_INCLUDE_IN_FRAMEWORK_HEADER = YES;
				CLANG_WARN_RANGE_LOOP_ANALYSIS = YES;
				CLANG_WARN_STRICT_PROTOTYPES = YES;
				CLANG_WARN_SUSPICIOUS_MOVE = YES;
				CLANG_WARN_UNGUARDED_AVAILABILITY = YES_AGGRESSIVE;
				CLANG_WARN_UNREACHABLE_CODE = YES;
				CLANG_WARN__DUPLICATE_METHOD_MATCH = YES;
				COPY_PHASE_STRIP = NO;
				DEBUG_INFORMATION_FORMAT = "dwarf-with-dsym";
				ENABLE_NS_ASSERTIONS = NO;
				ENABLE_STRICT_OBJC_MSGSEND = YES;
				GCC_C_LANGUAGE_STANDARD = gnu11;
				GCC_NO_COMMON_BLOCKS = YES;
				GCC_WARN_64_TO_32_BIT_CONVERSION = YES;
				GCC_WARN_ABOUT_RETURN_TYPE = YES_ERROR;
				GCC_WARN_UNDECLARED_SELECTOR = YES;
				GCC_WARN_UNINITIALIZED_AUTOS = YES_AGGRESSIVE;
				GCC_WARN_UNUSED_FUNCTION = YES;
				GCC_WARN_UNUSED_VARIABLE = YES;
				IPHONEOS_DEPLOYMENT_TARGET = 15.0;
				MTL_ENABLE_DEBUG_INFO = NO;
				MTL_FAST_MATH = YES;
				SDKROOT = iphoneos;
				SWIFT_COMPILATION_MODE = wholemodule;
				SWIFT_OPTIMIZATION_LEVEL = "-O";
				VALIDATE_PRODUCT = YES;
			};
			name = Release;
		};
		251D37182A03C79B00F4CD15 /* Debug */ = {
			isa = XCBuildConfiguration;
			buildSettings = {
				ASSETCATALOG_COMPILER_APPICON_NAME = AppIcon;
				ASSETCATALOG_COMPILER_GLOBAL_ACCENT_COLOR_NAME = AccentColor;
				CODE_SIGN_STYLE = Automatic;
				CURRENT_PROJECT_VERSION = 1;
				DEVELOPMENT_TEAM = 3K452862FK;
				GENERATE_INFOPLIST_FILE = YES;
				INFOPLIST_FILE = BluetoothSDK/Info.plist;
				INFOPLIST_KEY_UIApplicationSupportsIndirectInputEvents = YES;
				INFOPLIST_KEY_UILaunchStoryboardName = LaunchScreen;
				INFOPLIST_KEY_UIMainStoryboardFile = Main;
				INFOPLIST_KEY_UISupportedInterfaceOrientations_iPad = "UIInterfaceOrientationPortrait UIInterfaceOrientationPortraitUpsideDown UIInterfaceOrientationLandscapeLeft UIInterfaceOrientationLandscapeRight";
				INFOPLIST_KEY_UISupportedInterfaceOrientations_iPhone = "UIInterfaceOrientationPortrait UIInterfaceOrientationLandscapeLeft UIInterfaceOrientationLandscapeRight";
				LD_RUNPATH_SEARCH_PATHS = (
					"$(inherited)",
					"@executable_path/Frameworks",
				);
				MARKETING_VERSION = 1.0;
				PRODUCT_BUNDLE_IDENTIFIER = com.tht.BluetoothSDK;
				PRODUCT_NAME = "$(TARGET_NAME)";
				SWIFT_EMIT_LOC_STRINGS = YES;
				SWIFT_VERSION = 5.0;
				TARGETED_DEVICE_FAMILY = "1,2";
			};
			name = Debug;
		};
		251D37192A03C79B00F4CD15 /* Release */ = {
			isa = XCBuildConfiguration;
			buildSettings = {
				ASSETCATALOG_COMPILER_APPICON_NAME = AppIcon;
				ASSETCATALOG_COMPILER_GLOBAL_ACCENT_COLOR_NAME = AccentColor;
				CODE_SIGN_STYLE = Automatic;
				CURRENT_PROJECT_VERSION = 1;
				DEVELOPMENT_TEAM = 3K452862FK;
				GENERATE_INFOPLIST_FILE = YES;
				INFOPLIST_FILE = BluetoothSDK/Info.plist;
				INFOPLIST_KEY_UIApplicationSupportsIndirectInputEvents = YES;
				INFOPLIST_KEY_UILaunchStoryboardName = LaunchScreen;
				INFOPLIST_KEY_UIMainStoryboardFile = Main;
				INFOPLIST_KEY_UISupportedInterfaceOrientations_iPad = "UIInterfaceOrientationPortrait UIInterfaceOrientationPortraitUpsideDown UIInterfaceOrientationLandscapeLeft UIInterfaceOrientationLandscapeRight";
				INFOPLIST_KEY_UISupportedInterfaceOrientations_iPhone = "UIInterfaceOrientationPortrait UIInterfaceOrientationLandscapeLeft UIInterfaceOrientationLandscapeRight";
				LD_RUNPATH_SEARCH_PATHS = (
					"$(inherited)",
					"@executable_path/Frameworks",
				);
				MARKETING_VERSION = 1.0;
				PRODUCT_BUNDLE_IDENTIFIER = com.tht.BluetoothSDK;
				PRODUCT_NAME = "$(TARGET_NAME)";
				SWIFT_EMIT_LOC_STRINGS = YES;
				SWIFT_VERSION = 5.0;
				TARGETED_DEVICE_FAMILY = "1,2";
			};
			name = Release;
		};
		251D371B2A03C79B00F4CD15 /* Debug */ = {
			isa = XCBuildConfiguration;
			buildSettings = {
				ALWAYS_EMBED_SWIFT_STANDARD_LIBRARIES = YES;
				BUNDLE_LOADER = "$(TEST_HOST)";
				CODE_SIGN_STYLE = Automatic;
				CURRENT_PROJECT_VERSION = 1;
				DEVELOPMENT_TEAM = 3K452862FK;
				GENERATE_INFOPLIST_FILE = YES;
				IPHONEOS_DEPLOYMENT_TARGET = 15.0;
				LD_RUNPATH_SEARCH_PATHS = (
					"$(inherited)",
					"@executable_path/Frameworks",
					"@loader_path/Frameworks",
				);
				MARKETING_VERSION = 1.0;
				PRODUCT_BUNDLE_IDENTIFIER = com.tht.BluetoothSDKTests;
				PRODUCT_NAME = "$(TARGET_NAME)";
				SWIFT_EMIT_LOC_STRINGS = NO;
				SWIFT_VERSION = 5.0;
				TARGETED_DEVICE_FAMILY = "1,2";
				TEST_HOST = "$(BUILT_PRODUCTS_DIR)/BluetoothSDK.app/BluetoothSDK";
			};
			name = Debug;
		};
		251D371C2A03C79B00F4CD15 /* Release */ = {
			isa = XCBuildConfiguration;
			buildSettings = {
				ALWAYS_EMBED_SWIFT_STANDARD_LIBRARIES = YES;
				BUNDLE_LOADER = "$(TEST_HOST)";
				CODE_SIGN_STYLE = Automatic;
				CURRENT_PROJECT_VERSION = 1;
				DEVELOPMENT_TEAM = 3K452862FK;
				GENERATE_INFOPLIST_FILE = YES;
				IPHONEOS_DEPLOYMENT_TARGET = 15.0;
				LD_RUNPATH_SEARCH_PATHS = (
					"$(inherited)",
					"@executable_path/Frameworks",
					"@loader_path/Frameworks",
				);
				MARKETING_VERSION = 1.0;
				PRODUCT_BUNDLE_IDENTIFIER = com.tht.BluetoothSDKTests;
				PRODUCT_NAME = "$(TARGET_NAME)";
				SWIFT_EMIT_LOC_STRINGS = NO;
				SWIFT_VERSION = 5.0;
				TARGETED_DEVICE_FAMILY = "1,2";
				TEST_HOST = "$(BUILT_PRODUCTS_DIR)/BluetoothSDK.app/BluetoothSDK";
			};
			name = Release;
		};
		251D371E2A03C79B00F4CD15 /* Debug */ = {
			isa = XCBuildConfiguration;
			buildSettings = {
				ALWAYS_EMBED_SWIFT_STANDARD_LIBRARIES = YES;
				CODE_SIGN_STYLE = Automatic;
				CURRENT_PROJECT_VERSION = 1;
				DEVELOPMENT_TEAM = 3K452862FK;
				GENERATE_INFOPLIST_FILE = YES;
				LD_RUNPATH_SEARCH_PATHS = (
					"$(inherited)",
					"@executable_path/Frameworks",
					"@loader_path/Frameworks",
				);
				MARKETING_VERSION = 1.0;
				PRODUCT_BUNDLE_IDENTIFIER = com.tht.BluetoothSDKUITests;
				PRODUCT_NAME = "$(TARGET_NAME)";
				SWIFT_EMIT_LOC_STRINGS = NO;
				SWIFT_VERSION = 5.0;
				TARGETED_DEVICE_FAMILY = "1,2";
				TEST_TARGET_NAME = BluetoothSDK;
			};
			name = Debug;
		};
		251D371F2A03C79B00F4CD15 /* Release */ = {
			isa = XCBuildConfiguration;
			buildSettings = {
				ALWAYS_EMBED_SWIFT_STANDARD_LIBRARIES = YES;
				CODE_SIGN_STYLE = Automatic;
				CURRENT_PROJECT_VERSION = 1;
				DEVELOPMENT_TEAM = 3K452862FK;
				GENERATE_INFOPLIST_FILE = YES;
				LD_RUNPATH_SEARCH_PATHS = (
					"$(inherited)",
					"@executable_path/Frameworks",
					"@loader_path/Frameworks",
				);
				MARKETING_VERSION = 1.0;
				PRODUCT_BUNDLE_IDENTIFIER = com.tht.BluetoothSDKUITests;
				PRODUCT_NAME = "$(TARGET_NAME)";
				SWIFT_EMIT_LOC_STRINGS = NO;
				SWIFT_VERSION = 5.0;
				TARGETED_DEVICE_FAMILY = "1,2";
				TEST_TARGET_NAME = BluetoothSDK;
			};
			name = Release;
		};
/* End XCBuildConfiguration section */

/* Begin XCConfigurationList section */
		251D36E82A03C79A00F4CD15 /* Build configuration list for PBXProject "BluetoothSDK" */ = {
			isa = XCConfigurationList;
			buildConfigurations = (
				251D37152A03C79B00F4CD15 /* Debug */,
				251D37162A03C79B00F4CD15 /* Release */,
			);
			defaultConfigurationIsVisible = 0;
			defaultConfigurationName = Release;
		};
		251D37172A03C79B00F4CD15 /* Build configuration list for PBXNativeTarget "BluetoothSDK" */ = {
			isa = XCConfigurationList;
			buildConfigurations = (
				251D37182A03C79B00F4CD15 /* Debug */,
				251D37192A03C79B00F4CD15 /* Release */,
			);
			defaultConfigurationIsVisible = 0;
			defaultConfigurationName = Release;
		};
		251D371A2A03C79B00F4CD15 /* Build configuration list for PBXNativeTarget "BluetoothSDKTests" */ = {
			isa = XCConfigurationList;
			buildConfigurations = (
				251D371B2A03C79B00F4CD15 /* Debug */,
				251D371C2A03C79B00F4CD15 /* Release */,
			);
			defaultConfigurationIsVisible = 0;
			defaultConfigurationName = Release;
		};
		251D371D2A03C79B00F4CD15 /* Build configuration list for PBXNativeTarget "BluetoothSDKUITests" */ = {
			isa = XCConfigurationList;
			buildConfigurations = (
				251D371E2A03C79B00F4CD15 /* Debug */,
				251D371F2A03C79B00F4CD15 /* Release */,
			);
			defaultConfigurationIsVisible = 0;
			defaultConfigurationName = Release;
		};
/* End XCConfigurationList section */

/* Begin XCRemoteSwiftPackageReference section */
		2524D1242A05F46300621D53 /* XCRemoteSwiftPackageReference "firebase-ios-sdk" */ = {
			isa = XCRemoteSwiftPackageReference;
			repositoryURL = "https://github.com/firebase/firebase-ios-sdk";
			requirement = {
				kind = upToNextMajorVersion;
				minimumVersion = 8.0.0;
			};
		};
/* End XCRemoteSwiftPackageReference section */

/* Begin XCSwiftPackageProductDependency section */
		2524D1252A05F46300621D53 /* FirebaseAnalytics */ = {
			isa = XCSwiftPackageProductDependency;
			package = 2524D1242A05F46300621D53 /* XCRemoteSwiftPackageReference "firebase-ios-sdk" */;
			productName = FirebaseAnalytics;
		};
		2524D1272A05F46300621D53 /* FirebaseAnalyticsSwift-Beta */ = {
			isa = XCSwiftPackageProductDependency;
			package = 2524D1242A05F46300621D53 /* XCRemoteSwiftPackageReference "firebase-ios-sdk" */;
			productName = "FirebaseAnalyticsSwift-Beta";
		};
		2524D1292A05F46300621D53 /* FirebaseAuth */ = {
			isa = XCSwiftPackageProductDependency;
			package = 2524D1242A05F46300621D53 /* XCRemoteSwiftPackageReference "firebase-ios-sdk" */;
			productName = FirebaseAuth;
		};
		2524D12B2A05F46300621D53 /* FirebaseAuthCombine-Community */ = {
			isa = XCSwiftPackageProductDependency;
			package = 2524D1242A05F46300621D53 /* XCRemoteSwiftPackageReference "firebase-ios-sdk" */;
			productName = "FirebaseAuthCombine-Community";
		};
		2524D12D2A05F46300621D53 /* FirebaseCrashlytics */ = {
			isa = XCSwiftPackageProductDependency;
			package = 2524D1242A05F46300621D53 /* XCRemoteSwiftPackageReference "firebase-ios-sdk" */;
			productName = FirebaseCrashlytics;
		};
		2524D12F2A05F46300621D53 /* FirebaseDatabase */ = {
			isa = XCSwiftPackageProductDependency;
			package = 2524D1242A05F46300621D53 /* XCRemoteSwiftPackageReference "firebase-ios-sdk" */;
			productName = FirebaseDatabase;
		};
		2524D1312A05F46300621D53 /* FirebaseDatabaseSwift-Beta */ = {
			isa = XCSwiftPackageProductDependency;
			package = 2524D1242A05F46300621D53 /* XCRemoteSwiftPackageReference "firebase-ios-sdk" */;
			productName = "FirebaseDatabaseSwift-Beta";
		};
		2524D1332A05F46300621D53 /* FirebaseFirestore */ = {
			isa = XCSwiftPackageProductDependency;
			package = 2524D1242A05F46300621D53 /* XCRemoteSwiftPackageReference "firebase-ios-sdk" */;
			productName = FirebaseFirestore;
		};
		2524D1352A05F46300621D53 /* FirebaseFirestoreCombine-Community */ = {
			isa = XCSwiftPackageProductDependency;
			package = 2524D1242A05F46300621D53 /* XCRemoteSwiftPackageReference "firebase-ios-sdk" */;
			productName = "FirebaseFirestoreCombine-Community";
		};
		2524D1372A05F46300621D53 /* FirebaseMLModelDownloader */ = {
			isa = XCSwiftPackageProductDependency;
			package = 2524D1242A05F46300621D53 /* XCRemoteSwiftPackageReference "firebase-ios-sdk" */;
			productName = FirebaseMLModelDownloader;
		};
		2524D1392A05F46300621D53 /* FirebaseStorage */ = {
			isa = XCSwiftPackageProductDependency;
			package = 2524D1242A05F46300621D53 /* XCRemoteSwiftPackageReference "firebase-ios-sdk" */;
			productName = FirebaseStorage;
		};
		2524D13B2A05F46300621D53 /* FirebaseStorageCombine-Community */ = {
			isa = XCSwiftPackageProductDependency;
			package = 2524D1242A05F46300621D53 /* XCRemoteSwiftPackageReference "firebase-ios-sdk" */;
			productName = "FirebaseStorageCombine-Community";
		};
		2524D13D2A05F46300621D53 /* FirebaseStorageSwift-Beta */ = {
			isa = XCSwiftPackageProductDependency;
			package = 2524D1242A05F46300621D53 /* XCRemoteSwiftPackageReference "firebase-ios-sdk" */;
			productName = "FirebaseStorageSwift-Beta";
		};
/* End XCSwiftPackageProductDependency section */
	};
	rootObject = 251D36E52A03C79A00F4CD15 /* Project object */;
}
